
Microsoft Visual Studio Solution File, Format Version 12.00
# Visual Studio Version 17
VisualStudioVersion = 17.3.32825.248
MinimumVisualStudioVersion = 10.0.40219.1
Project("{8BC9CEB8-8B4A-11D0-8D11-00A0C91BC942}") = "P02", "P02.vcxproj", "{FD54A030-9440-49C9-A18A-A6D11F46EECC}"
EndProject
Global
	GlobalSection(SolutionConfigurationPlatforms) = preSolution
		Debug|x64 = Debug|x64
		Debug|x86 = Debug|x86
		Release|x64 = Release|x64
		Release|x86 = Release|x86
	EndGlobalSection
	GlobalSection(ProjectConfigurationPlatforms) = postSolution
		{FD54A030-9440-49C9-A18A-A6D11F46EECC}.Debug|x64.ActiveCfg = Debug|x64
		{FD54A030-9440-49C9-A18A-A6D11F46EECC}.Debug|x64.Build.0 = Debug|x64
		{FD54A030-9440-49C9-A18A-A6D11F46EECC}.Debug|x86.ActiveCfg = Debug|Win32
		{FD54A030-9440-49C9-A18A-A6D11F46EECC}.Debug|x86.Build.0 = Debug|Win32
		{FD54A030-9440-49C9-A18A-A6D11F46EECC}.Release|x64.ActiveCfg = Release|x64
		{FD54A030-9440-49C9-A18A-A6D11F46EECC}.Release|x64.Build.0 = Release|x64
		{FD54A030-9440-49C9-A18A-A6D11F46EECC}.Release|x86.ActiveCfg = Release|Win32
		{FD54A030-9440-49C9-A18A-A6D11F46EECC}.Release|x86.Build.0 = Release|Win32
	EndGlobalSection
	GlobalSection(SolutionProperties) = preSolution
		HideSolutionNode = FALSE
	EndGlobalSection
	GlobalSection(ExtensibilityGlobals) = postSolution
		SolutionGuid = {CB9D2931-922B-42C5-9AD4-2CF50B11F5C9}
	EndGlobalSection
EndGlobal
